{
  "version": 4,
  "terraform_version": "1.3.3",
  "serial": 125,
  "lineage": "1bcf327c-00ec-ab76-4cc9-522a7a5de82b",
  "outputs": {},
  "resources": [
    {
      "mode": "managed",
      "type": "google_compute_firewall",
      "name": "rules",
      "provider": "provider[\"registry.terraform.io/hashicorp/google\"]",
      "instances": [
        {
          "schema_version": 1,
          "attributes": {
            "allow": [],
            "creation_timestamp": "2022-11-14T11:00:21.779-08:00",
            "deny": [
              {
                "ports": [
                  "80",
                  "443"
                ],
                "protocol": "tcp"
              }
            ],
            "description": "Creates firewall rule targeting  instances of gke",
            "destination_ranges": [
              "0.0.0.0/0"
            ],
            "direction": "EGRESS",
            "disabled": false,
            "enable_logging": false,
            "id": "projects/mohamed-morshed/global/firewalls/my-firewall-rule",
            "name": "my-firewall-rule",
            "network": "https://www.googleapis.com/compute/v1/projects/mohamed-morshed/global/networks/myvpc",
            "priority": 1000,
            "project": "mohamed-morshed",
            "self_link": "https://www.googleapis.com/compute/v1/projects/mohamed-morshed/global/firewalls/my-firewall-rule",
            "source_ranges": [
              "10.3.0.0/16"
            ],
            "source_service_accounts": null,
            "source_tags": null,
            "target_service_accounts": null,
            "target_tags": null,
            "timeouts": null
          },
          "sensitive_attributes": [],
          "private": "eyJlMmJmYjczMC1lY2FhLTExZTYtOGY4OC0zNDM2M2JjN2M0YzAiOnsiY3JlYXRlIjoyNDAwMDAwMDAwMDAsImRlbGV0ZSI6MjQwMDAwMDAwMDAwLCJ1cGRhdGUiOjI0MDAwMDAwMDAwMH0sInNjaGVtYV92ZXJzaW9uIjoiMSJ9",
          "dependencies": [
            "google_compute_network.myvpc",
            "google_compute_subnetwork.sub2"
          ]
        }
      ]
    },
    {
      "mode": "managed",
      "type": "google_compute_firewall",
      "name": "rules2",
      "provider": "provider[\"registry.terraform.io/hashicorp/google\"]",
      "instances": [
        {
          "schema_version": 1,
          "attributes": {
            "allow": [
              {
                "ports": [
                  "22",
                  "80",
                  "443",
                  "81",
                  "82"
                ],
                "protocol": "tcp"
              }
            ],
            "creation_timestamp": "2022-11-14T11:00:32.185-08:00",
            "deny": [],
            "description": "Creates firewall rule targeting  instances of input for gke",
            "destination_ranges": [],
            "direction": "INGRESS",
            "disabled": false,
            "enable_logging": false,
            "id": "projects/mohamed-morshed/global/firewalls/my-firewall-rule2",
            "name": "my-firewall-rule2",
            "network": "https://www.googleapis.com/compute/v1/projects/mohamed-morshed/global/networks/myvpc",
            "priority": 1000,
            "project": "mohamed-morshed",
            "self_link": "https://www.googleapis.com/compute/v1/projects/mohamed-morshed/global/firewalls/my-firewall-rule2",
            "source_ranges": [
              "10.2.0.0/16"
            ],
            "source_service_accounts": null,
            "source_tags": null,
            "target_service_accounts": null,
            "target_tags": null,
            "timeouts": null
          },
          "sensitive_attributes": [],
          "private": "eyJlMmJmYjczMC1lY2FhLTExZTYtOGY4OC0zNDM2M2JjN2M0YzAiOnsiY3JlYXRlIjoyNDAwMDAwMDAwMDAsImRlbGV0ZSI6MjQwMDAwMDAwMDAwLCJ1cGRhdGUiOjI0MDAwMDAwMDAwMH0sInNjaGVtYV92ZXJzaW9uIjoiMSJ9",
          "dependencies": [
            "google_compute_network.myvpc",
            "google_compute_subnetwork.sub1"
          ]
        }
      ]
    },
    {
      "mode": "managed",
      "type": "google_compute_firewall",
      "name": "rules3",
      "provider": "provider[\"registry.terraform.io/hashicorp/google\"]",
      "instances": [
        {
          "schema_version": 1,
          "attributes": {
            "allow": [
              {
                "ports": [
                  "22",
                  "80",
                  "443"
                ],
                "protocol": "tcp"
              }
            ],
            "creation_timestamp": "2022-11-14T11:00:02.764-08:00",
            "deny": [],
            "description": "Creates firewall rule targeting  instances of input for gke",
            "destination_ranges": [],
            "direction": "INGRESS",
            "disabled": false,
            "enable_logging": false,
            "id": "projects/mohamed-morshed/global/firewalls/my-firewall-rule3",
            "name": "my-firewall-rule3",
            "network": "https://www.googleapis.com/compute/v1/projects/mohamed-morshed/global/networks/myvpc",
            "priority": 1000,
            "project": "mohamed-morshed",
            "self_link": "https://www.googleapis.com/compute/v1/projects/mohamed-morshed/global/firewalls/my-firewall-rule3",
            "source_ranges": [
              "35.235.240.0/20"
            ],
            "source_service_accounts": null,
            "source_tags": null,
            "target_service_accounts": null,
            "target_tags": null,
            "timeouts": null
          },
          "sensitive_attributes": [],
          "private": "eyJlMmJmYjczMC1lY2FhLTExZTYtOGY4OC0zNDM2M2JjN2M0YzAiOnsiY3JlYXRlIjoyNDAwMDAwMDAwMDAsImRlbGV0ZSI6MjQwMDAwMDAwMDAwLCJ1cGRhdGUiOjI0MDAwMDAwMDAwMH0sInNjaGVtYV92ZXJzaW9uIjoiMSJ9",
          "dependencies": [
            "google_compute_network.myvpc"
          ]
        }
      ]
    },
    {
      "mode": "managed",
      "type": "google_compute_instance",
      "name": "web_private_1",
      "provider": "provider[\"registry.terraform.io/hashicorp/google\"]",
      "instances": [
        {
          "schema_version": 6,
          "attributes": {
            "allow_stopping_for_update": null,
            "attached_disk": [],
            "boot_disk": [
              {
                "auto_delete": true,
                "device_name": "persistent-disk-0",
                "disk_encryption_key_raw": "",
                "disk_encryption_key_sha256": "",
                "initialize_params": [
                  {
                    "image": "https://www.googleapis.com/compute/v1/projects/ubuntu-os-cloud/global/images/ubuntu-1804-bionic-v20221018",
                    "labels": {},
                    "size": 10,
                    "type": "pd-standard"
                  }
                ],
                "kms_key_self_link": "",
                "mode": "READ_WRITE",
                "source": "https://www.googleapis.com/compute/v1/projects/mohamed-morshed/zones/us-east1-b/disks/privitevm"
              }
            ],
            "can_ip_forward": false,
            "cpu_platform": "Intel Broadwell",
            "deletion_protection": false,
            "description": "",
            "enable_display": false,
            "guest_accelerator": [],
            "hostname": "",
            "id": "projects/mohamed-morshed/zones/us-east1-b/instances/privitevm",
            "instance_id": "5401568698196504254",
            "label_fingerprint": "42WmSpB8rSM=",
            "labels": null,
            "machine_type": "e2-micro",
            "metadata": null,
            "metadata_fingerprint": "gz6Sx1kI7bk=",
            "metadata_startup_script": "",
            "min_cpu_platform": "",
            "name": "privitevm",
            "network_interface": [
              {
                "access_config": [],
                "alias_ip_range": [],
                "name": "nic0",
                "network": "https://www.googleapis.com/compute/v1/projects/mohamed-morshed/global/networks/myvpc",
                "network_ip": "10.2.0.2",
                "subnetwork": "https://www.googleapis.com/compute/v1/projects/mohamed-morshed/regions/us-east1/subnetworks/management",
                "subnetwork_project": "mohamed-morshed"
              }
            ],
            "project": "mohamed-morshed",
            "scheduling": [
              {
                "automatic_restart": true,
                "node_affinities": [],
                "on_host_maintenance": "MIGRATE",
                "preemptible": false
              }
            ],
            "scratch_disk": [],
            "self_link": "https://www.googleapis.com/compute/v1/projects/mohamed-morshed/zones/us-east1-b/instances/privitevm",
            "service_account": [],
            "shielded_instance_config": [
              {
                "enable_integrity_monitoring": true,
                "enable_secure_boot": false,
                "enable_vtpm": true
              }
            ],
            "tags": null,
            "tags_fingerprint": "42WmSpB8rSM=",
            "timeouts": null,
            "zone": "us-east1-b"
          },
          "sensitive_attributes": [],
          "private": "eyJlMmJmYjczMC1lY2FhLTExZTYtOGY4OC0zNDM2M2JjN2M0YzAiOnsiY3JlYXRlIjoxMjAwMDAwMDAwMDAwLCJkZWxldGUiOjEyMDAwMDAwMDAwMDAsInVwZGF0ZSI6MTIwMDAwMDAwMDAwMH0sInNjaGVtYV92ZXJzaW9uIjoiNiJ9",
          "dependencies": [
            "google_compute_network.myvpc",
            "google_compute_subnetwork.sub1"
          ]
        }
      ]
    },
    {
      "mode": "managed",
      "type": "google_compute_network",
      "name": "myvpc",
      "provider": "provider[\"registry.terraform.io/hashicorp/google\"]",
      "instances": [
        {
          "schema_version": 0,
          "attributes": {
            "auto_create_subnetworks": false,
            "delete_default_routes_on_create": false,
            "description": "",
            "gateway_ipv4": "",
            "id": "projects/mohamed-morshed/global/networks/myvpc",
            "ipv4_range": null,
            "name": "myvpc",
            "project": "mohamed-morshed",
            "routing_mode": "REGIONAL",
            "self_link": "https://www.googleapis.com/compute/v1/projects/mohamed-morshed/global/networks/myvpc",
            "timeouts": null
          },
          "sensitive_attributes": [],
          "private": "eyJlMmJmYjczMC1lY2FhLTExZTYtOGY4OC0zNDM2M2JjN2M0YzAiOnsiY3JlYXRlIjoyNDAwMDAwMDAwMDAsImRlbGV0ZSI6MjQwMDAwMDAwMDAwLCJ1cGRhdGUiOjI0MDAwMDAwMDAwMH19"
        }
      ]
    },
    {
      "mode": "managed",
      "type": "google_compute_router",
      "name": "router",
      "provider": "provider[\"registry.terraform.io/hashicorp/google\"]",
      "instances": [
        {
          "schema_version": 0,
          "attributes": {
            "bgp": [],
            "creation_timestamp": "2022-11-14T11:00:03.417-08:00",
            "description": "",
            "id": "projects/mohamed-morshed/regions/us-east1/routers/my-router",
            "name": "my-router",
            "network": "https://www.googleapis.com/compute/v1/projects/mohamed-morshed/global/networks/myvpc",
            "project": "mohamed-morshed",
            "region": "us-east1",
            "self_link": "https://www.googleapis.com/compute/v1/projects/mohamed-morshed/regions/us-east1/routers/my-router",
            "timeouts": null
          },
          "sensitive_attributes": [],
          "private": "eyJlMmJmYjczMC1lY2FhLTExZTYtOGY4OC0zNDM2M2JjN2M0YzAiOnsiY3JlYXRlIjoyNDAwMDAwMDAwMDAsImRlbGV0ZSI6MjQwMDAwMDAwMDAwLCJ1cGRhdGUiOjI0MDAwMDAwMDAwMH19",
          "dependencies": [
            "google_compute_network.myvpc"
          ]
        }
      ]
    },
    {
      "mode": "managed",
      "type": "google_compute_router_nat",
      "name": "nat",
      "provider": "provider[\"registry.terraform.io/hashicorp/google\"]",
      "instances": [
        {
          "schema_version": 0,
          "attributes": {
            "icmp_idle_timeout_sec": 30,
            "id": "mohamed-morshed/us-east1/my-router/my-router-nat",
            "log_config": [],
            "min_ports_per_vm": 0,
            "name": "my-router-nat",
            "nat_ip_allocate_option": "AUTO_ONLY",
            "nat_ips": null,
            "project": "mohamed-morshed",
            "region": "us-east1",
            "router": "my-router",
            "source_subnetwork_ip_ranges_to_nat": "LIST_OF_SUBNETWORKS",
            "subnetwork": [
              {
                "name": "management",
                "secondary_ip_range_names": [],
                "source_ip_ranges_to_nat": [
                  "ALL_IP_RANGES"
                ]
              }
            ],
            "tcp_established_idle_timeout_sec": 1200,
            "tcp_transitory_idle_timeout_sec": 30,
            "timeouts": null,
            "udp_idle_timeout_sec": 30
          },
          "sensitive_attributes": [],
          "private": "eyJlMmJmYjczMC1lY2FhLTExZTYtOGY4OC0zNDM2M2JjN2M0YzAiOnsiY3JlYXRlIjo2MDAwMDAwMDAwMDAsImRlbGV0ZSI6NjAwMDAwMDAwMDAwLCJ1cGRhdGUiOjYwMDAwMDAwMDAwMH19",
          "dependencies": [
            "google_compute_network.myvpc",
            "google_compute_router.router",
            "google_compute_subnetwork.sub1"
          ]
        }
      ]
    },
    {
      "mode": "managed",
      "type": "google_compute_subnetwork",
      "name": "sub1",
      "provider": "provider[\"registry.terraform.io/hashicorp/google\"]",
      "instances": [
        {
          "schema_version": 0,
          "attributes": {
            "creation_timestamp": "2022-11-14T11:00:03.520-08:00",
            "description": "",
            "enable_flow_logs": null,
            "fingerprint": null,
            "gateway_address": "10.2.0.1",
            "id": "projects/mohamed-morshed/regions/us-east1/subnetworks/management",
            "ip_cidr_range": "10.2.0.0/16",
            "log_config": [],
            "name": "management",
            "network": "https://www.googleapis.com/compute/v1/projects/mohamed-morshed/global/networks/myvpc",
            "private_ip_google_access": false,
            "project": "mohamed-morshed",
            "region": "us-east1",
            "secondary_ip_range": [
              {
                "ip_cidr_range": "192.168.10.0/24",
                "range_name": "tf-test-secondary-range-update1"
              }
            ],
            "self_link": "https://www.googleapis.com/compute/v1/projects/mohamed-morshed/regions/us-east1/subnetworks/management",
            "timeouts": null
          },
          "sensitive_attributes": [],
          "private": "eyJlMmJmYjczMC1lY2FhLTExZTYtOGY4OC0zNDM2M2JjN2M0YzAiOnsiY3JlYXRlIjozNjAwMDAwMDAwMDAsImRlbGV0ZSI6MzYwMDAwMDAwMDAwLCJ1cGRhdGUiOjM2MDAwMDAwMDAwMH19",
          "dependencies": [
            "google_compute_network.myvpc"
          ]
        }
      ]
    },
    {
      "mode": "managed",
      "type": "google_compute_subnetwork",
      "name": "sub2",
      "provider": "provider[\"registry.terraform.io/hashicorp/google\"]",
      "instances": [
        {
          "schema_version": 0,
          "attributes": {
            "creation_timestamp": "2022-11-14T11:00:03.589-08:00",
            "description": "",
            "enable_flow_logs": null,
            "fingerprint": null,
            "gateway_address": "10.3.0.1",
            "id": "projects/mohamed-morshed/regions/us-east1/subnetworks/restricted",
            "ip_cidr_range": "10.3.0.0/16",
            "log_config": [],
            "name": "restricted",
            "network": "https://www.googleapis.com/compute/v1/projects/mohamed-morshed/global/networks/myvpc",
            "private_ip_google_access": false,
            "project": "mohamed-morshed",
            "region": "us-east1",
            "secondary_ip_range": [
              {
                "ip_cidr_range": "192.168.20.0/24",
                "range_name": "tf-test-secondary-range-update2"
              }
            ],
            "self_link": "https://www.googleapis.com/compute/v1/projects/mohamed-morshed/regions/us-east1/subnetworks/restricted",
            "timeouts": null
          },
          "sensitive_attributes": [],
          "private": "eyJlMmJmYjczMC1lY2FhLTExZTYtOGY4OC0zNDM2M2JjN2M0YzAiOnsiY3JlYXRlIjozNjAwMDAwMDAwMDAsImRlbGV0ZSI6MzYwMDAwMDAwMDAwLCJ1cGRhdGUiOjM2MDAwMDAwMDAwMH19",
          "dependencies": [
            "google_compute_network.myvpc"
          ]
        }
      ]
    },
    {
      "mode": "managed",
      "type": "google_container_cluster",
      "name": "primary",
      "provider": "provider[\"registry.terraform.io/hashicorp/google\"]",
      "instances": [
        {
          "schema_version": 1,
          "attributes": {
            "additional_zones": [],
            "addons_config": [
              {
                "horizontal_pod_autoscaling": [],
                "http_load_balancing": [],
                "kubernetes_dashboard": [],
                "network_policy_config": [
                  {
                    "disabled": true
                  }
                ]
              }
            ],
            "authenticator_groups_config": [],
            "cluster_autoscaling": [
              {
                "auto_provisioning_defaults": [],
                "enabled": false,
                "resource_limits": []
              }
            ],
            "cluster_ipv4_cidr": "10.176.0.0/14",
            "default_max_pods_per_node": 110,
            "description": "",
            "enable_binary_authorization": null,
            "enable_intranode_visibility": null,
            "enable_kubernetes_alpha": false,
            "enable_legacy_abac": false,
            "enable_tpu": null,
            "endpoint": "10.5.0.2",
            "id": "projects/mohamed-morshed/locations/us-east1-b/clusters/my-gke-cluster",
            "initial_node_count": 1,
            "instance_group_urls": [],
            "ip_allocation_policy": [
              {
                "cluster_ipv4_cidr_block": "10.176.0.0/14",
                "cluster_secondary_range_name": "gke-my-gke-cluster-pods-3b1e2ad7",
                "create_subnetwork": false,
                "node_ipv4_cidr_block": "",
                "services_ipv4_cidr_block": "10.180.0.0/20",
                "services_secondary_range_name": "gke-my-gke-cluster-services-3b1e2ad7",
                "subnetwork_name": "",
                "use_ip_aliases": false
              }
            ],
            "location": "us-east1-b",
            "logging_service": "logging.googleapis.com/kubernetes",
            "maintenance_policy": [],
            "master_auth": [
              {
                "client_certificate": "",
                "client_certificate_config": [
                  {
                    "issue_client_certificate": false
                  }
                ],
                "client_key": "",
                "cluster_ca_certificate": "LS0tLS1CRUdJTiBDRVJUSUZJQ0FURS0tLS0tCk1JSUVMRENDQXBTZ0F3SUJBZ0lRWHR6QngyWVJCd0RpcFQyMEF6UGlmVEFOQmdrcWhraUc5dzBCQVFzRkFEQXYKTVMwd0t3WURWUVFERXlRM1ptVm1PR013TnkwM04yRm1MVFJtTXprdE9UQTFaQzA1WVRZek16RTJPRGc1TkRjdwpJQmNOTWpJeE1URTBNVGd3TURNeVdoZ1BNakExTWpFeE1EWXhPVEF3TXpKYU1DOHhMVEFyQmdOVkJBTVRKRGRtClpXWTRZekEzTFRjM1lXWXROR1l6T1MwNU1EVmtMVGxoTmpNek1UWTRPRGswTnpDQ0FhSXdEUVlKS29aSWh2Y04KQVFFQkJRQURnZ0dQQURDQ0FZb0NnZ0dCQU5QdnRUUFQvVGJ2WGhRcXBVaDBCU1BuUnNldUVCQnNOUG0raEh3VwoxK1BKdEFpRlExcTVOUDVOcVdYTVJ5YzdUb0Y0TXFaMWFLdXgrbEc0eGs1Z1BJTy9zdkJ5Ri9JZGM5bnlQRVBJCjFnUjJpc1ByeUovU1p0cDhpaDFvQ1BneU5nU1FSeU5TTUw5VU05bWtMQWk3WDVCemZiYkdsRjd5dWx2UTJOM2UKWUY3VzhNNlp3V1lxNTlVaVU2clo1MWp0NDJoVmVJUEMvdEhPNXF4dkwwaEIzbm0rbTFlQU9NcmE3Si84aHIyYwpsQnBDdkQ1TVZnZU1GdE5uSDh1WWJQbUJKWHhWN1lldFJndU5xM0YyeDJod0tWdFBQMThaQkx1MTIyWG12RjNJCncrRHlQOGU0citYcHUyYndSNmtUT0MrSEx1dUIzWkQ2RjRneXFWZldpQUZza3N3bTV6UEdrWEdHQ3U1b0VqVEEKQVE1bnQzeXNnREo5Nzl5K0YvUEEyK0xuNStkRm9zMDNPUU9mbWthVDEvUnFWY05Ka2JxQ2tMblBJTjFZcEVvRApHQ1hXOVR1WGxnZnc2WWV5TlJzUHZHUWxVYmpoUVFKTFZzSHc2b0NDa3F4U01lb1BBdXlIRWdUY254aC9TYnB0CitxVlk5aTYyQU5CMGNrZmhiMTFONlRlaWlRSURBUUFCbzBJd1FEQU9CZ05WSFE4QkFmOEVCQU1DQWdRd0R3WUQKVlIwVEFRSC9CQVV3QXdFQi96QWRCZ05WSFE0RUZnUVVPQnB2dUIwY3Z5RzZZUmsxYnFsdS91bmRXSVV3RFFZSgpLb1pJaHZjTkFRRUxCUUFEZ2dHQkFHR0lxdkFPZDdrcElubjZ5ei9RdHNDaUtBYzR2Wk93azVHaEc0TUk0WHVICldMTmVPSWVnQWF2Qml1aWUvcndTV3BrREE3NVlYZlltclZxYTFscnFWODlBQXA5bllObis4OVk0R1BjdkxtR0sKQWpVYUU2MGFMTnJYSW50NVVmb2Jha21WbUI2SUY5RmtyTDhPdVdXVzJGY1llbHJFNkRaQmZHSWl6bm5SaDl3VgpzeGE4Yk8wVVpKcS9CalFEeVVJdUlNbmxlQS9NcGpONUdkQnhpdzJXd1RXQjdhNkZCVU8zSUtVVDVBMlFXSHdTCkVsQ2dWck9ucmJVaGVvTmJnMGpPLy9HZVBPSXhqRXFnUE9vZi92Mlk1bkZPanMxRGlicGJUYzdDcDJkOHZVamgKMHNXZWZMY0lCSEpSRkRzbDJQUHhGRWZES3ZwcTRHME1qb0ZqQk1nYnVaR0xZck1JVWNhWUhBRGtXUTBOR09NWQpLUk5EdU81d2k4VXBSRisvdTZZdTQyV1lmQWFnM2dPR2RuUGg1Rzc4QnQ3azVPRGtaZXkvem5kQkFvRHR2YjV0CmNOdm9iYVpWTW9EOEVUNHhmK2RVQVZSWlIxQUNnd3RlcEN4Wk5KSFl6aE9PMzF1dENmMVMxc1NJOVEzN0NwL1oKQ0VMdTBMTitYZjdZZ3NpMXhoK1dLdz09Ci0tLS0tRU5EIENFUlRJRklDQVRFLS0tLS0K",
                "password": "",
                "username": ""
              }
            ],
            "master_authorized_networks_config": [
              {
                "cidr_blocks": [
                  {
                    "cidr_block": "10.2.0.0/16",
                    "display_name": "net1"
                  }
                ]
              }
            ],
            "master_version": "1.23.8-gke.1900",
            "min_master_version": null,
            "monitoring_service": "monitoring.googleapis.com/kubernetes",
            "name": "my-gke-cluster",
            "network": "projects/mohamed-morshed/global/networks/myvpc",
            "network_policy": [
              {
                "enabled": false,
                "provider": "PROVIDER_UNSPECIFIED"
              }
            ],
            "node_config": [],
            "node_locations": [],
            "node_pool": [],
            "node_version": "1.23.8-gke.1900",
            "operation": null,
            "pod_security_policy_config": null,
            "private_cluster_config": [
              {
                "enable_private_endpoint": true,
                "enable_private_nodes": true,
                "master_ipv4_cidr_block": "10.5.0.0/28",
                "private_endpoint": "10.5.0.2",
                "public_endpoint": "35.227.35.252"
              }
            ],
            "project": "mohamed-morshed",
            "region": null,
            "remove_default_node_pool": true,
            "resource_labels": null,
            "services_ipv4_cidr": "10.180.0.0/20",
            "subnetwork": "projects/mohamed-morshed/regions/us-east1/subnetworks/restricted",
            "timeouts": null,
            "vertical_pod_autoscaling": [],
            "zone": null
          },
          "sensitive_attributes": [],
          "private": "eyJlMmJmYjczMC1lY2FhLTExZTYtOGY4OC0zNDM2M2JjN2M0YzAiOnsiY3JlYXRlIjoyNDAwMDAwMDAwMDAwLCJkZWxldGUiOjI0MDAwMDAwMDAwMDAsInVwZGF0ZSI6MzYwMDAwMDAwMDAwMH0sInNjaGVtYV92ZXJzaW9uIjoiMSJ9",
          "dependencies": [
            "google_compute_network.myvpc",
            "google_compute_subnetwork.sub1",
            "google_compute_subnetwork.sub2"
          ]
        }
      ]
    },
    {
      "mode": "managed",
      "type": "google_container_node_pool",
      "name": "primary_preemptible_nodes",
      "provider": "provider[\"registry.terraform.io/hashicorp/google\"]",
      "instances": [
        {
          "schema_version": 1,
          "attributes": {
            "autoscaling": [],
            "cluster": "my-gke-cluster",
            "id": "projects/mohamed-morshed/locations/us-east1-b/clusters/my-gke-cluster/nodePools/my-node-pool",
            "initial_node_count": 1,
            "instance_group_urls": [
              "https://www.googleapis.com/compute/v1/projects/mohamed-morshed/zones/us-east1-b/instanceGroupManagers/gke-my-gke-cluster-my-node-pool-f2150ded-grp"
            ],
            "location": "us-east1-b",
            "management": [
              {
                "auto_repair": true,
                "auto_upgrade": true
              }
            ],
            "max_pods_per_node": 110,
            "name": "my-node-pool",
            "name_prefix": "",
            "node_config": [
              {
                "disk_size_gb": 100,
                "disk_type": "pd-standard",
                "guest_accelerator": [],
                "image_type": "COS_CONTAINERD",
                "labels": {},
                "local_ssd_count": 0,
                "machine_type": "e2-micro",
                "metadata": {
                  "disable-legacy-endpoints": "true"
                },
                "min_cpu_platform": "",
                "oauth_scopes": [
                  "https://www.googleapis.com/auth/cloud-platform"
                ],
                "preemptible": true,
                "sandbox_config": [],
                "service_account": "service-account-myid@mohamed-morshed.iam.gserviceaccount.com",
                "shielded_instance_config": [
                  {
                    "enable_integrity_monitoring": true,
                    "enable_secure_boot": false
                  }
                ],
                "tags": null,
                "taint": [],
                "workload_metadata_config": []
              }
            ],
            "node_count": 1,
            "project": "mohamed-morshed",
            "region": null,
            "timeouts": null,
            "version": "1.23.8-gke.1900",
            "zone": null
          },
          "sensitive_attributes": [],
          "private": "eyJlMmJmYjczMC1lY2FhLTExZTYtOGY4OC0zNDM2M2JjN2M0YzAiOnsiY3JlYXRlIjoxODAwMDAwMDAwMDAwLCJkZWxldGUiOjE4MDAwMDAwMDAwMDAsInVwZGF0ZSI6MTgwMDAwMDAwMDAwMH0sInNjaGVtYV92ZXJzaW9uIjoiMSJ9",
          "dependencies": [
            "google_compute_network.myvpc",
            "google_compute_subnetwork.sub1",
            "google_compute_subnetwork.sub2",
            "google_container_cluster.primary",
            "google_service_account.sv"
          ]
        }
      ]
    },
    {
      "mode": "managed",
      "type": "google_service_account",
      "name": "sv",
      "provider": "provider[\"registry.terraform.io/hashicorp/google\"]",
      "instances": [
        {
          "schema_version": 0,
          "attributes": {
            "account_id": "service-account-myid",
            "description": "",
            "display_name": "Service",
            "email": "service-account-myid@mohamed-morshed.iam.gserviceaccount.com",
            "id": "projects/mohamed-morshed/serviceAccounts/service-account-myid@mohamed-morshed.iam.gserviceaccount.com",
            "name": "projects/mohamed-morshed/serviceAccounts/service-account-myid@mohamed-morshed.iam.gserviceaccount.com",
            "project": "mohamed-morshed",
            "unique_id": "115540027005256849807"
          },
          "sensitive_attributes": [],
          "private": "bnVsbA=="
        }
      ]
    }
  ],
  "check_results": []
}
